
Microsoft Visual Studio Solution File, Format Version 12.00
# Visual Studio Version 16
VisualStudioVersion = 16.0.29326.143
MinimumVisualStudioVersion = 10.0.40219.1
Project("{FAE04EC0-301F-11D3-BF4B-00C04F79EFBC}") = "GUI", "GUI\GUI.csproj", "{09D80325-E790-4036-B82B-A16E233F9958}"
EndProject
Project("{FAE04EC0-301F-11D3-BF4B-00C04F79EFBC}") = "Modelo", "Modelo\Modelo.csproj", "{69818EA5-EF3A-4AC5-BFAC-E8EAF549BEC0}"
EndProject
Project("{FAE04EC0-301F-11D3-BF4B-00C04F79EFBC}") = "DAL", "DAL\DAL.csproj", "{FC3550D1-26FB-45B0-93EA-DAC3AD3D7AFB}"
EndProject
Project("{FAE04EC0-301F-11D3-BF4B-00C04F79EFBC}") = "BLL", "DLL\BLL.csproj", "{F269A27A-BCC6-43DB-A12E-1ED19B258483}"
EndProject
Project("{FAE04EC0-301F-11D3-BF4B-00C04F79EFBC}") = "Ferramentas", "Ferramentas\Ferramentas.csproj", "{8A146EB4-B21D-4836-A343-D071362EF7B4}"
EndProject
Global
	GlobalSection(SolutionConfigurationPlatforms) = preSolution
		Debug|Any CPU = Debug|Any CPU
		Release|Any CPU = Release|Any CPU
	EndGlobalSection
	GlobalSection(ProjectConfigurationPlatforms) = postSolution
		{09D80325-E790-4036-B82B-A16E233F9958}.Debug|Any CPU.ActiveCfg = Debug|Any CPU
		{09D80325-E790-4036-B82B-A16E233F9958}.Debug|Any CPU.Build.0 = Debug|Any CPU
		{09D80325-E790-4036-B82B-A16E233F9958}.Release|Any CPU.ActiveCfg = Release|Any CPU
		{09D80325-E790-4036-B82B-A16E233F9958}.Release|Any CPU.Build.0 = Release|Any CPU
		{69818EA5-EF3A-4AC5-BFAC-E8EAF549BEC0}.Debug|Any CPU.ActiveCfg = Debug|Any CPU
		{69818EA5-EF3A-4AC5-BFAC-E8EAF549BEC0}.Debug|Any CPU.Build.0 = Debug|Any CPU
		{69818EA5-EF3A-4AC5-BFAC-E8EAF549BEC0}.Release|Any CPU.ActiveCfg = Release|Any CPU
		{69818EA5-EF3A-4AC5-BFAC-E8EAF549BEC0}.Release|Any CPU.Build.0 = Release|Any CPU
		{FC3550D1-26FB-45B0-93EA-DAC3AD3D7AFB}.Debug|Any CPU.ActiveCfg = Debug|Any CPU
		{FC3550D1-26FB-45B0-93EA-DAC3AD3D7AFB}.Debug|Any CPU.Build.0 = Debug|Any CPU
		{FC3550D1-26FB-45B0-93EA-DAC3AD3D7AFB}.Release|Any CPU.ActiveCfg = Release|Any CPU
		{FC3550D1-26FB-45B0-93EA-DAC3AD3D7AFB}.Release|Any CPU.Build.0 = Release|Any CPU
		{F269A27A-BCC6-43DB-A12E-1ED19B258483}.Debug|Any CPU.ActiveCfg = Debug|Any CPU
		{F269A27A-BCC6-43DB-A12E-1ED19B258483}.Debug|Any CPU.Build.0 = Debug|Any CPU
		{F269A27A-BCC6-43DB-A12E-1ED19B258483}.Release|Any CPU.ActiveCfg = Release|Any CPU
		{F269A27A-BCC6-43DB-A12E-1ED19B258483}.Release|Any CPU.Build.0 = Release|Any CPU
		{8A146EB4-B21D-4836-A343-D071362EF7B4}.Debug|Any CPU.ActiveCfg = Debug|Any CPU
		{8A146EB4-B21D-4836-A343-D071362EF7B4}.Debug|Any CPU.Build.0 = Debug|Any CPU
		{8A146EB4-B21D-4836-A343-D071362EF7B4}.Release|Any CPU.ActiveCfg = Release|Any CPU
		{8A146EB4-B21D-4836-A343-D071362EF7B4}.Release|Any CPU.Build.0 = Release|Any CPU
	EndGlobalSection
	GlobalSection(SolutionProperties) = preSolution
		HideSolutionNode = FALSE
	EndGlobalSection
	GlobalSection(ExtensibilityGlobals) = postSolution
		SolutionGuid = {16567DD7-987C-4685-A262-AC6041AE986C}
	EndGlobalSection
EndGlobal
